
Microsoft Visual Studio Solution File, Format Version 12.00
# Visual Studio Version 17
VisualStudioVersion = 17.1.32210.238
MinimumVisualStudioVersion = 10.0.40219.1
Project("{FAE04EC0-301F-11D3-BF4B-00C04F79EFBC}") = "GoogleAuthentication", "GoogleAuthentication\GoogleAuthentication.csproj", "{ED70D20B-6F0B-4208-A3DE-B5A4F61C5CB2}"
EndProject
Global
	GlobalSection(SolutionConfigurationPlatforms) = preSolution
		Debug|Any CPU = Debug|Any CPU
		Release|Any CPU = Release|Any CPU
	EndGlobalSection
	GlobalSection(ProjectConfigurationPlatforms) = postSolution
		{ED70D20B-6F0B-4208-A3DE-B5A4F61C5CB2}.Debug|Any CPU.ActiveCfg = Debug|Any CPU
		{ED70D20B-6F0B-4208-A3DE-B5A4F61C5CB2}.Debug|Any CPU.Build.0 = Debug|Any CPU
		{ED70D20B-6F0B-4208-A3DE-B5A4F61C5CB2}.Release|Any CPU.ActiveCfg = Release|Any CPU
		{ED70D20B-6F0B-4208-A3DE-B5A4F61C5CB2}.Release|Any CPU.Build.0 = Release|Any CPU
	EndGlobalSection
	GlobalSection(SolutionProperties) = preSolution
		HideSolutionNode = FALSE
	EndGlobalSection
	GlobalSection(ExtensibilityGlobals) = postSolution
		SolutionGuid = {50EB8A0A-229B-4C95-9F40-6BD56A6537B8}
	EndGlobalSection
EndGlobal
